{
  "lockfileVersion": 1,
  "dependencies": {
    "foundation-sites": {
      "version": "6.4.0",
      "resolved": "https://registry.npmjs.org/foundation-sites/-/foundation-sites-6.4.0.tgz",
      "integrity": "sha1-Vavqevmz1iNHCti/iJcrmNixWbc="
    },
    "jquery": {
      "version": "3.2.1",
      "resolved": "https://registry.npmjs.org/jquery/-/jquery-3.2.1.tgz",
      "integrity": "sha1-XE2d5lKvbNCncBVKYxu6ErAVx4c="
    },
    "sass": {
      "version": "1.0.0-beta.1",
      "resolved": "https://registry.npmjs.org/sass/-/sass-1.0.0-beta.1.tgz",
      "integrity": "sha1-0jbDqEpi3gwLgdeENf6DklzzMtQ="
    },
    "sass-mediaqueries": {
      "version": "1.6.1",
      "resolved": "https://registry.npmjs.org/sass-mediaqueries/-/sass-mediaqueries-1.6.1.tgz",
      "integrity": "sha1-U/5KP9SB0QTPZ3nfbyZOc1gmp4s="
    },
    "what-input": {
      "version": "4.2.0",
      "resolved": "https://registry.npmjs.org/what-input/-/what-input-4.2.0.tgz",
      "integrity": "sha1-pkOcwcmDWB6udR+sOssTm/PprLc="
    }
  }
}
